
Microsoft Visual Studio Solution File, Format Version 12.00
# Visual Studio Version 16
VisualStudioVersion = 16.0.30204.135
MinimumVisualStudioVersion = 10.0.40219.1
Project("{9A19103F-16F7-4668-BE54-9A1E7A4F7556}") = "DD.Youtube.HyperNotesPlus.Shared", "DD.Youtube.HyperNotesPlus.Shared\DD.Youtube.HyperNotesPlus.Shared.csproj", "{7DBBC455-A9A2-40F8-B66B-71E322ECC436}"
EndProject
Project("{9A19103F-16F7-4668-BE54-9A1E7A4F7556}") = "DD.Youtube.HyperNotesPlus.Server", "DD.Youtube.HyperNotesPlus.Server\DD.Youtube.HyperNotesPlus.Server.csproj", "{2C3ED345-B944-44FB-BBF9-9868120117FA}"
EndProject
Project("{9A19103F-16F7-4668-BE54-9A1E7A4F7556}") = "DD.Youtube.HyperNotesPlus.Client", "DD.Youtube.HyperNotesPlus.Client\DD.Youtube.HyperNotesPlus.Client.csproj", "{C160480E-EC23-4E32-BE7F-E844B80A0FFB}"
EndProject
Project("{9A19103F-16F7-4668-BE54-9A1E7A4F7556}") = "DD.Youtube.HyperNotesPlus.Domain.Common", "DD.Youtube.HyperNotesPlus.Domain.Common\DD.Youtube.HyperNotesPlus.Domain.Common.csproj", "{83C9DE5E-9239-4669-8110-861EEC36DF03}"
EndProject
Project("{9A19103F-16F7-4668-BE54-9A1E7A4F7556}") = "DD.Youtube.HyperNotesPlus.Domain", "DD.Youtube.HyperNotesPlus.Domain\DD.Youtube.HyperNotesPlus.Domain.csproj", "{A25B1090-640E-4A5B-BA12-85325AD3D30E}"
EndProject
Project("{9A19103F-16F7-4668-BE54-9A1E7A4F7556}") = "DD.Youtube.HyperNotesPlus.Client.Extensions", "DD.Youtube.HyperNotesPlus.Client.Extensions\DD.Youtube.HyperNotesPlus.Client.Extensions.csproj", "{23277540-F78E-442F-B6A4-3C857F90B1CF}"
EndProject
Global
	GlobalSection(SolutionConfigurationPlatforms) = preSolution
		Debug|Any CPU = Debug|Any CPU
		Release|Any CPU = Release|Any CPU
	EndGlobalSection
	GlobalSection(ProjectConfigurationPlatforms) = postSolution
		{7DBBC455-A9A2-40F8-B66B-71E322ECC436}.Debug|Any CPU.ActiveCfg = Debug|Any CPU
		{7DBBC455-A9A2-40F8-B66B-71E322ECC436}.Debug|Any CPU.Build.0 = Debug|Any CPU
		{7DBBC455-A9A2-40F8-B66B-71E322ECC436}.Release|Any CPU.ActiveCfg = Release|Any CPU
		{7DBBC455-A9A2-40F8-B66B-71E322ECC436}.Release|Any CPU.Build.0 = Release|Any CPU
		{2C3ED345-B944-44FB-BBF9-9868120117FA}.Debug|Any CPU.ActiveCfg = Debug|Any CPU
		{2C3ED345-B944-44FB-BBF9-9868120117FA}.Debug|Any CPU.Build.0 = Debug|Any CPU
		{2C3ED345-B944-44FB-BBF9-9868120117FA}.Release|Any CPU.ActiveCfg = Release|Any CPU
		{2C3ED345-B944-44FB-BBF9-9868120117FA}.Release|Any CPU.Build.0 = Release|Any CPU
		{C160480E-EC23-4E32-BE7F-E844B80A0FFB}.Debug|Any CPU.ActiveCfg = Debug|Any CPU
		{C160480E-EC23-4E32-BE7F-E844B80A0FFB}.Debug|Any CPU.Build.0 = Debug|Any CPU
		{C160480E-EC23-4E32-BE7F-E844B80A0FFB}.Release|Any CPU.ActiveCfg = Release|Any CPU
		{C160480E-EC23-4E32-BE7F-E844B80A0FFB}.Release|Any CPU.Build.0 = Release|Any CPU
		{83C9DE5E-9239-4669-8110-861EEC36DF03}.Debug|Any CPU.ActiveCfg = Debug|Any CPU
		{83C9DE5E-9239-4669-8110-861EEC36DF03}.Debug|Any CPU.Build.0 = Debug|Any CPU
		{83C9DE5E-9239-4669-8110-861EEC36DF03}.Release|Any CPU.ActiveCfg = Release|Any CPU
		{83C9DE5E-9239-4669-8110-861EEC36DF03}.Release|Any CPU.Build.0 = Release|Any CPU
		{A25B1090-640E-4A5B-BA12-85325AD3D30E}.Debug|Any CPU.ActiveCfg = Debug|Any CPU
		{A25B1090-640E-4A5B-BA12-85325AD3D30E}.Debug|Any CPU.Build.0 = Debug|Any CPU
		{A25B1090-640E-4A5B-BA12-85325AD3D30E}.Release|Any CPU.ActiveCfg = Release|Any CPU
		{A25B1090-640E-4A5B-BA12-85325AD3D30E}.Release|Any CPU.Build.0 = Release|Any CPU
		{23277540-F78E-442F-B6A4-3C857F90B1CF}.Debug|Any CPU.ActiveCfg = Debug|Any CPU
		{23277540-F78E-442F-B6A4-3C857F90B1CF}.Debug|Any CPU.Build.0 = Debug|Any CPU
		{23277540-F78E-442F-B6A4-3C857F90B1CF}.Release|Any CPU.ActiveCfg = Release|Any CPU
		{23277540-F78E-442F-B6A4-3C857F90B1CF}.Release|Any CPU.Build.0 = Release|Any CPU
	EndGlobalSection
	GlobalSection(SolutionProperties) = preSolution
		HideSolutionNode = FALSE
	EndGlobalSection
	GlobalSection(ExtensibilityGlobals) = postSolution
		SolutionGuid = {81AE2860-0B1E-4677-8D2F-8107EA3528DC}
	EndGlobalSection
EndGlobal
